
Microsoft Visual Studio Solution File, Format Version 12.00
# Visual Studio 14
VisualStudioVersion = 14.0.25123.0
MinimumVisualStudioVersion = 10.0.40219.1
Project("{FAE04EC0-301F-11D3-BF4B-00C04F79EFBC}") = "GUI", "GUI\GUI.csproj", "{CB6325A8-72D0-43DB-B1D9-15DBD7DD610A}"
EndProject
Project("{FAE04EC0-301F-11D3-BF4B-00C04F79EFBC}") = "BUS", "BUS\BUS.csproj", "{55357937-E037-44FB-845F-0216D161CFFB}"
EndProject
Project("{FAE04EC0-301F-11D3-BF4B-00C04F79EFBC}") = "Connector", "Connector\Connector.csproj", "{BE27F157-68B5-49C9-9A55-9D8357EB4774}"
EndProject
Project("{FAE04EC0-301F-11D3-BF4B-00C04F79EFBC}") = "Model", "Model\Model.csproj", "{EE073D50-1177-40AD-9866-B6475A9378F7}"
EndProject
Global
	GlobalSection(SolutionConfigurationPlatforms) = preSolution
		Debug|Any CPU = Debug|Any CPU
		Release|Any CPU = Release|Any CPU
	EndGlobalSection
	GlobalSection(ProjectConfigurationPlatforms) = postSolution
		{CB6325A8-72D0-43DB-B1D9-15DBD7DD610A}.Debug|Any CPU.ActiveCfg = Debug|Any CPU
		{CB6325A8-72D0-43DB-B1D9-15DBD7DD610A}.Debug|Any CPU.Build.0 = Debug|Any CPU
		{CB6325A8-72D0-43DB-B1D9-15DBD7DD610A}.Release|Any CPU.ActiveCfg = Release|Any CPU
		{CB6325A8-72D0-43DB-B1D9-15DBD7DD610A}.Release|Any CPU.Build.0 = Release|Any CPU
		{55357937-E037-44FB-845F-0216D161CFFB}.Debug|Any CPU.ActiveCfg = Debug|Any CPU
		{55357937-E037-44FB-845F-0216D161CFFB}.Debug|Any CPU.Build.0 = Debug|Any CPU
		{55357937-E037-44FB-845F-0216D161CFFB}.Release|Any CPU.ActiveCfg = Release|Any CPU
		{55357937-E037-44FB-845F-0216D161CFFB}.Release|Any CPU.Build.0 = Release|Any CPU
		{BE27F157-68B5-49C9-9A55-9D8357EB4774}.Debug|Any CPU.ActiveCfg = Debug|Any CPU
		{BE27F157-68B5-49C9-9A55-9D8357EB4774}.Debug|Any CPU.Build.0 = Debug|Any CPU
		{BE27F157-68B5-49C9-9A55-9D8357EB4774}.Release|Any CPU.ActiveCfg = Release|Any CPU
		{BE27F157-68B5-49C9-9A55-9D8357EB4774}.Release|Any CPU.Build.0 = Release|Any CPU
		{EE073D50-1177-40AD-9866-B6475A9378F7}.Debug|Any CPU.ActiveCfg = Debug|Any CPU
		{EE073D50-1177-40AD-9866-B6475A9378F7}.Debug|Any CPU.Build.0 = Debug|Any CPU
		{EE073D50-1177-40AD-9866-B6475A9378F7}.Release|Any CPU.ActiveCfg = Release|Any CPU
		{EE073D50-1177-40AD-9866-B6475A9378F7}.Release|Any CPU.Build.0 = Release|Any CPU
	EndGlobalSection
	GlobalSection(SolutionProperties) = preSolution
		HideSolutionNode = FALSE
	EndGlobalSection
EndGlobal
